
Microsoft Visual Studio Solution File, Format Version 12.00
# Visual Studio 2012
Project("{FAE04EC0-301F-11D3-BF4B-00C04F79EFBC}") = "RealtimeBY.Web", "RealtimeBY.Web\RealtimeBY.Web.csproj", "{471B1AD3-1AD9-4136-BFFF-9DF69A82455E}"
EndProject
Project("{FAE04EC0-301F-11D3-BF4B-00C04F79EFBC}") = "RealtimeBY.Infrastructure", "RealtimeBY.Infrastructure\RealtimeBY.Infrastructure.csproj", "{74D277E2-D0A2-47EC-97D0-9136B03E89D3}"
EndProject
Project("{FAE04EC0-301F-11D3-BF4B-00C04F79EFBC}") = "RealtimeBY.Service", "RealtimeBY.Service\RealtimeBY.Service.csproj", "{FA5B6D47-19A8-45F8-944C-23CB4DBBA42D}"
EndProject
Global
	GlobalSection(SolutionConfigurationPlatforms) = preSolution
		Debug|Any CPU = Debug|Any CPU
		Release|Any CPU = Release|Any CPU
	EndGlobalSection
	GlobalSection(ProjectConfigurationPlatforms) = postSolution
		{471B1AD3-1AD9-4136-BFFF-9DF69A82455E}.Debug|Any CPU.ActiveCfg = Debug|Any CPU
		{471B1AD3-1AD9-4136-BFFF-9DF69A82455E}.Debug|Any CPU.Build.0 = Debug|Any CPU
		{471B1AD3-1AD9-4136-BFFF-9DF69A82455E}.Release|Any CPU.ActiveCfg = Release|Any CPU
		{471B1AD3-1AD9-4136-BFFF-9DF69A82455E}.Release|Any CPU.Build.0 = Release|Any CPU
		{74D277E2-D0A2-47EC-97D0-9136B03E89D3}.Debug|Any CPU.ActiveCfg = Debug|Any CPU
		{74D277E2-D0A2-47EC-97D0-9136B03E89D3}.Debug|Any CPU.Build.0 = Debug|Any CPU
		{74D277E2-D0A2-47EC-97D0-9136B03E89D3}.Release|Any CPU.ActiveCfg = Release|Any CPU
		{74D277E2-D0A2-47EC-97D0-9136B03E89D3}.Release|Any CPU.Build.0 = Release|Any CPU
		{FA5B6D47-19A8-45F8-944C-23CB4DBBA42D}.Debug|Any CPU.ActiveCfg = Debug|Any CPU
		{FA5B6D47-19A8-45F8-944C-23CB4DBBA42D}.Debug|Any CPU.Build.0 = Debug|Any CPU
		{FA5B6D47-19A8-45F8-944C-23CB4DBBA42D}.Release|Any CPU.ActiveCfg = Release|Any CPU
		{FA5B6D47-19A8-45F8-944C-23CB4DBBA42D}.Release|Any CPU.Build.0 = Release|Any CPU
	EndGlobalSection
	GlobalSection(SolutionProperties) = preSolution
		HideSolutionNode = FALSE
	EndGlobalSection
EndGlobal
